<?xml version="1.0" encoding="utf-8"?>
<Project ToolsVersion="4.0" xmlns="http://schemas.microsoft.com/developer/msbuild/2003">
  <ItemGroup>
    <Filter Include="libs">
      <UniqueIdentifier>{852aa95b-449f-44ad-8640-6e34db79e709}</UniqueIdentifier>
    </Filter>
    <Filter Include="libs\imgui">
      <UniqueIdentifier>{b667a09e-6f7d-448e-825a-2ef8eb6609cc}</UniqueIdentifier>
    </Filter>
    <Filter Include="libs\glad">
      <UniqueIdentifier>{069da3fe-1b87-4b17-a38b-9af28462ca22}</UniqueIdentifier>
    </Filter>
    <Filter Include="libs\stb_image">
      <UniqueIdentifier>{7f44007f-4721-4de5-b294-9815910966a5}</UniqueIdentifier>
    </Filter>
    <Filter Include="Core">
      <UniqueIdentifier>{8992e4e4-54ed-4f4f-82cb-e24da654f78d}</UniqueIdentifier>
    </Filter>
    <Filter Include="libs\ImGuiFileDialog">
      <UniqueIdentifier>{e5a67cfa-65e1-4fb3-9a71-2daac86b97f1}</UniqueIdentifier>
    </Filter>
  </ItemGroup>
  <ItemGroup>
    <ClCompile Include="lib\imgui\imgui.cpp">
      <Filter>libs\imgui</Filter>
    </ClCompile>
    <ClCompile Include="lib\imgui\imgui_demo.cpp">
      <Filter>libs\imgui</Filter>
    </ClCompile>
    <ClCompile Include="lib\imgui\imgui_draw.cpp">
      <Filter>libs\imgui</Filter>
    </ClCompile>
    <ClCompile Include="lib\imgui\imgui_impl_glfw.cpp">
      <Filter>libs\imgui</Filter>
    </ClCompile>
    <ClCompile Include="lib\imgui\imgui_impl_opengl3.cpp">
      <Filter>libs\imgui</Filter>
    </ClCompile>
    <ClCompile Include="lib\imgui\imgui_tables.cpp">
      <Filter>libs\imgui</Filter>
    </ClCompile>
    <ClCompile Include="lib\imgui\imgui_widgets.cpp">
      <Filter>libs\imgui</Filter>
    </ClCompile>
    <ClCompile Include="lib\glad\glad.c">
      <Filter>libs\glad</Filter>
    </ClCompile>
    <ClCompile Include="ProgramManager.cpp">
      <Filter>Core</Filter>
    </ClCompile>
    <ClCompile Include="src\EntryPoint.cpp">
      <Filter>Core</Filter>
    </ClCompile>
    <ClCompile Include="lib\ImGuiFileDialog\ImGuiFileDialog.cpp">
      <Filter>libs\ImGuiFileDialog</Filter>
    </ClCompile>
    <ClCompile Include="imgui_stdlib.cpp">
      <Filter>libs\stb_image</Filter>
    </ClCompile>
  </ItemGroup>
  <ItemGroup>
    <ClInclude Include="lib\imgui\imconfig.h">
      <Filter>libs\imgui</Filter>
    </ClInclude>
    <ClInclude Include="lib\imgui\imgui.h">
      <Filter>libs\imgui</Filter>
    </ClInclude>
    <ClInclude Include="lib\imgui\imgui_impl_glfw.h">
      <Filter>libs\imgui</Filter>
    </ClInclude>
    <ClInclude Include="lib\imgui\imgui_impl_opengl3.h">
      <Filter>libs\imgui</Filter>
    </ClInclude>
    <ClInclude Include="lib\imgui\imgui_internal.h">
      <Filter>libs\imgui</Filter>
    </ClInclude>
    <ClInclude Include="lib\glad\khrplatform.h">
      <Filter>libs\glad</Filter>
    </ClInclude>
    <ClInclude Include="lib\glad\glad.h">
      <Filter>libs\glad</Filter>
    </ClInclude>
    <ClInclude Include="lib\stb_image\stb_image.h">
      <Filter>libs\stb_image</Filter>
    </ClInclude>
    <ClInclude Include="lib\imgui\imstb_truetype.h">
      <Filter>libs\imgui</Filter>
    </ClInclude>
    <ClInclude Include="lib\imgui\imstb_textedit.h">
      <Filter>libs\imgui</Filter>
    </ClInclude>
    <ClInclude Include="lib\imgui\imstb_rectpack.h">
      <Filter>libs\imgui</Filter>
    </ClInclude>
    <ClInclude Include="src\Graphics.h">
      <Filter>Core</Filter>
    </ClInclude>
    <ClInclude Include="src\GUI.h">
      <Filter>Core</Filter>
    </ClInclude>
    <ClInclude Include="src\Matrices.h">
      <Filter>Core</Filter>
    </ClInclude>
    <ClInclude Include="ProgramManager.h">
      <Filter>Core</Filter>
    </ClInclude>
    <ClInclude Include="Renderer.h">
      <Filter>Core</Filter>
    </ClInclude>
    <ClInclude Include="Utils.h">
      <Filter>Core</Filter>
    </ClInclude>
    <ClInclude Include="ResourceManager.h">
      <Filter>Core</Filter>
    </ClInclude>
    <ClInclude Include="SceneManager.h">
      <Filter>Core</Filter>
    </ClInclude>
    <ClInclude Include="lib\stb_image\stb_image_write.h">
      <Filter>libs\stb_image</Filter>
    </ClInclude>
    <ClInclude Include="InputManager.h">
      <Filter>Core</Filter>
    </ClInclude>
    <ClInclude Include="lib\ImGuiFileDialog\ImGuiFileDialog.h">
      <Filter>libs\ImGuiFileDialog</Filter>
    </ClInclude>
    <ClInclude Include="lib\ImGuiFileDialog\ImGuiFileDialogConfig.h">
      <Filter>libs\ImGuiFileDialog</Filter>
    </ClInclude>
    <ClInclude Include="imgui_stdlib.h">
      <Filter>libs\stb_image</Filter>
    </ClInclude>
  </ItemGroup>
  <ItemGroup>
    <None Include="lib\ImGuiFileDialog\LICENSE">
      <Filter>libs\ImGuiFileDialog</Filter>
    </None>
    <None Include="lib\ImGuiFileDialog\README.md">
      <Filter>libs\ImGuiFileDialog</Filter>
    </None>
  </ItemGroup>
</Project>